// !$*UTF8*$!
{
	archiveVersion = 1;
	classes = {
	};
	objectVersion = 77;
	objects = {

/* Begin PBXBuildFile section */
		39C29DB72EF1E0D8004E6291 /* WidgetKit.framework in Frameworks */ = {isa = PBXBuildFile; fileRef = 39C29DB62EF1E0D8004E6291 /* WidgetKit.framework */; };
		39C29DB92EF1E0D8004E6291 /* SwiftUI.framework in Frameworks */ = {isa = PBXBuildFile; fileRef = 39C29DB82EF1E0D8004E6291 /* SwiftUI.framework */; };
		39C29DC42EF1E0DA004E6291 /* TimeTrackerWidgetsExtension.appex in Embed Foundation Extensions */ = {isa = PBXBuildFile; fileRef = 39C29DB42EF1E0D8004E6291 /* TimeTrackerWidgetsExtension.appex */; settings = {ATTRIBUTES = (RemoveHeadersOnCopy, ); }; };
		39C29DCD2EF1E15F004E6291 /* WidgetModels.swift in Sources */ = {isa = PBXBuildFile; fileRef = 39C29DCC2EF1E15E004E6291 /* WidgetModels.swift */; };
		39C29DCE2EF1E16A004E6291 /* WidgetModels.swift in Sources */ = {isa = PBXBuildFile; fileRef = 39C29DCC2EF1E15E004E6291 /* WidgetModels.swift */; };
/* End PBXBuildFile section */

/* Begin PBXContainerItemProxy section */
		393308DF2EEDC17F0090226E /* PBXContainerItemProxy */ = {
			isa = PBXContainerItemProxy;
			containerPortal = 393308C92EEDC17D0090226E /* Project object */;
			proxyType = 1;
			remoteGlobalIDString = 393308D02EEDC17D0090226E;
			remoteInfo = "TimeTracker-Pro";
		};
		393308E92EEDC17F0090226E /* PBXContainerItemProxy */ = {
			isa = PBXContainerItemProxy;
			containerPortal = 393308C92EEDC17D0090226E /* Project object */;
			proxyType = 1;
			remoteGlobalIDString = 393308D02EEDC17D0090226E;
			remoteInfo = "TimeTracker-Pro";
		};
		39C29DC22EF1E0DA004E6291 /* PBXContainerItemProxy */ = {
			isa = PBXContainerItemProxy;
			containerPortal = 393308C92EEDC17D0090226E /* Project object */;
			proxyType = 1;
			remoteGlobalIDString = 39C29DB32EF1E0D8004E6291;
			remoteInfo = TimeTrackerWidgetsExtension;
		};
/* End PBXContainerItemProxy section */

/* Begin PBXCopyFilesBuildPhase section */
		39C29DC52EF1E0DA004E6291 /* Embed Foundation Extensions */ = {
			isa = PBXCopyFilesBuildPhase;
			buildActionMask = 2147483647;
			dstPath = "";
			dstSubfolderSpec = 13;
			files = (
				39C29DC42EF1E0DA004E6291 /* TimeTrackerWidgetsExtension.appex in Embed Foundation Extensions */,
			);
			name = "Embed Foundation Extensions";
			runOnlyForDeploymentPostprocessing = 0;
		};
/* End PBXCopyFilesBuildPhase section */

/* Begin PBXFileReference section */
		393308D12EEDC17D0090226E /* TimeTracker-Pro.app */ = {isa = PBXFileReference; explicitFileType = wrapper.application; includeInIndex = 0; path = "TimeTracker-Pro.app"; sourceTree = BUILT_PRODUCTS_DIR; };
		393308DE2EEDC17F0090226E /* TimeTracker-ProTests.xctest */ = {isa = PBXFileReference; explicitFileType = wrapper.cfbundle; includeInIndex = 0; path = "TimeTracker-ProTests.xctest"; sourceTree = BUILT_PRODUCTS_DIR; };
		393308E82EEDC17F0090226E /* TimeTracker-ProUITests.xctest */ = {isa = PBXFileReference; explicitFileType = wrapper.cfbundle; includeInIndex = 0; path = "TimeTracker-ProUITests.xctest"; sourceTree = BUILT_PRODUCTS_DIR; };
		39C29DB42EF1E0D8004E6291 /* TimeTrackerWidgetsExtension.appex */ = {isa = PBXFileReference; explicitFileType = "wrapper.app-extension"; includeInIndex = 0; path = TimeTrackerWidgetsExtension.appex; sourceTree = BUILT_PRODUCTS_DIR; };
		39C29DB62EF1E0D8004E6291 /* WidgetKit.framework */ = {isa = PBXFileReference; lastKnownFileType = wrapper.framework; name = WidgetKit.framework; path = System/Library/Frameworks/WidgetKit.framework; sourceTree = SDKROOT; };
		39C29DB82EF1E0D8004E6291 /* SwiftUI.framework */ = {isa = PBXFileReference; lastKnownFileType = wrapper.framework; name = SwiftUI.framework; path = System/Library/Frameworks/SwiftUI.framework; sourceTree = SDKROOT; };
		39C29DCB2EF1E127004E6291 /* TimeTrackerWidgetsExtension.entitlements */ = {isa = PBXFileReference; lastKnownFileType = text.plist.entitlements; path = TimeTrackerWidgetsExtension.entitlements; sourceTree = "<group>"; };
		39C29DCC2EF1E15E004E6291 /* WidgetModels.swift */ = {isa = PBXFileReference; lastKnownFileType = sourcecode.swift; path = WidgetModels.swift; sourceTree = "<group>"; };
/* End PBXFileReference section */

/* Begin PBXFileSystemSynchronizedBuildFileExceptionSet section */
		398BDBBD2EF0AAA40088DADA /* Exceptions for "TimeTracker-Pro" folder in "TimeTracker-Pro" target */ = {
			isa = PBXFileSystemSynchronizedBuildFileExceptionSet;
			membershipExceptions = (
				Info.plist,
			);
			target = 393308D02EEDC17D0090226E /* TimeTracker-Pro */;
		};
		39C29DC92EF1E0DA004E6291 /* Exceptions for "TimeTrackerWidgets" folder in "TimeTrackerWidgetsExtension" target */ = {
			isa = PBXFileSystemSynchronizedBuildFileExceptionSet;
			membershipExceptions = (
				Info.plist,
			);
			target = 39C29DB32EF1E0D8004E6291 /* TimeTrackerWidgetsExtension */;
		};
		39C29DD82EF1F7BE004E6291 /* Exceptions for "TimeTracker-Pro" folder in "TimeTrackerWidgetsExtension" target */ = {
			isa = PBXFileSystemSynchronizedBuildFileExceptionSet;
			membershipExceptions = (
				Core/Models.swift,
			);
			target = 39C29DB32EF1E0D8004E6291 /* TimeTrackerWidgetsExtension */;
		};
/* End PBXFileSystemSynchronizedBuildFileExceptionSet section */

/* Begin PBXFileSystemSynchronizedRootGroup section */
		393308D32EEDC17D0090226E /* TimeTracker-Pro */ = {
			isa = PBXFileSystemSynchronizedRootGroup;
			exceptions = (
				398BDBBD2EF0AAA40088DADA /* Exceptions for "TimeTracker-Pro" folder in "TimeTracker-Pro" target */,
				39C29DD82EF1F7BE004E6291 /* Exceptions for "TimeTracker-Pro" folder in "TimeTrackerWidgetsExtension" target */,
			);
			path = "TimeTracker-Pro";
			sourceTree = "<group>";
		};
		393308E12EEDC17F0090226E /* TimeTracker-ProTests */ = {
			isa = PBXFileSystemSynchronizedRootGroup;
			path = "TimeTracker-ProTests";
			sourceTree = "<group>";
		};
		393308EB2EEDC17F0090226E /* TimeTracker-ProUITests */ = {
			isa = PBXFileSystemSynchronizedRootGroup;
			path = "TimeTracker-ProUITests";
			sourceTree = "<group>";
		};
		39C29DBA2EF1E0D8004E6291 /* TimeTrackerWidgets */ = {
			isa = PBXFileSystemSynchronizedRootGroup;
			exceptions = (
				39C29DC92EF1E0DA004E6291 /* Exceptions for "TimeTrackerWidgets" folder in "TimeTrackerWidgetsExtension" target */,
			);
			path = TimeTrackerWidgets;
			sourceTree = "<group>";
		};
/* End PBXFileSystemSynchronizedRootGroup section */

/* Begin PBXFrameworksBuildPhase section */
		393308CE2EEDC17D0090226E /* Frameworks */ = {
			isa = PBXFrameworksBuildPhase;
			buildActionMask = 2147483647;
			files = (
			);
			runOnlyForDeploymentPostprocessing = 0;
		};
		393308DB2EEDC17F0090226E /* Frameworks */ = {
			isa = PBXFrameworksBuildPhase;
			buildActionMask = 2147483647;
			files = (
			);
			runOnlyForDeploymentPostprocessing = 0;
		};
		393308E52EEDC17F0090226E /* Frameworks */ = {
			isa = PBXFrameworksBuildPhase;
			buildActionMask = 2147483647;
			files = (
			);
			runOnlyForDeploymentPostprocessing = 0;
		};
		39C29DB12EF1E0D8004E6291 /* Frameworks */ = {
			isa = PBXFrameworksBuildPhase;
			buildActionMask = 2147483647;
			files = (
				39C29DB92EF1E0D8004E6291 /* SwiftUI.framework in Frameworks */,
				39C29DB72EF1E0D8004E6291 /* WidgetKit.framework in Frameworks */,
			);
			runOnlyForDeploymentPostprocessing = 0;
		};
/* End PBXFrameworksBuildPhase section */

/* Begin PBXGroup section */
		393308C82EEDC17D0090226E = {
			isa = PBXGroup;
			children = (
				39C29DCC2EF1E15E004E6291 /* WidgetModels.swift */,
				39C29DCB2EF1E127004E6291 /* TimeTrackerWidgetsExtension.entitlements */,
				393308D32EEDC17D0090226E /* TimeTracker-Pro */,
				393308E12EEDC17F0090226E /* TimeTracker-ProTests */,
				393308EB2EEDC17F0090226E /* TimeTracker-ProUITests */,
				39C29DBA2EF1E0D8004E6291 /* TimeTrackerWidgets */,
				39C29DB52EF1E0D8004E6291 /* Frameworks */,
				393308D22EEDC17D0090226E /* Products */,
			);
			sourceTree = "<group>";
		};
		393308D22EEDC17D0090226E /* Products */ = {
			isa = PBXGroup;
			children = (
				393308D12EEDC17D0090226E /* TimeTracker-Pro.app */,
				393308DE2EEDC17F0090226E /* TimeTracker-ProTests.xctest */,
				393308E82EEDC17F0090226E /* TimeTracker-ProUITests.xctest */,
				39C29DB42EF1E0D8004E6291 /* TimeTrackerWidgetsExtension.appex */,
			);
			name = Products;
			sourceTree = "<group>";
		};
		39C29DB52EF1E0D8004E6291 /* Frameworks */ = {
			isa = PBXGroup;
			children = (
				39C29DB62EF1E0D8004E6291 /* WidgetKit.framework */,
				39C29DB82EF1E0D8004E6291 /* SwiftUI.framework */,
			);
			name = Frameworks;
			sourceTree = "<group>";
		};
/* End PBXGroup section */

/* Begin PBXNativeTarget section */
		393308D02EEDC17D0090226E /* TimeTracker-Pro */ = {
			isa = PBXNativeTarget;
			buildConfigurationList = 393308F22EEDC17F0090226E /* Build configuration list for PBXNativeTarget "TimeTracker-Pro" */;
			buildPhases = (
				393308CD2EEDC17D0090226E /* Sources */,
				393308CE2EEDC17D0090226E /* Frameworks */,
				393308CF2EEDC17D0090226E /* Resources */,
				39C29DC52EF1E0DA004E6291 /* Embed Foundation Extensions */,
			);
			buildRules = (
			);
			dependencies = (
				39C29DC32EF1E0DA004E6291 /* PBXTargetDependency */,
			);
			fileSystemSynchronizedGroups = (
				393308D32EEDC17D0090226E /* TimeTracker-Pro */,
			);
			name = "TimeTracker-Pro";
			packageProductDependencies = (
			);
			productName = "TimeTracker-Pro";
			productReference = 393308D12EEDC17D0090226E /* TimeTracker-Pro.app */;
			productType = "com.apple.product-type.application";
		};
		393308DD2EEDC17F0090226E /* TimeTracker-ProTests */ = {
			isa = PBXNativeTarget;
			buildConfigurationList = 393308F52EEDC17F0090226E /* Build configuration list for PBXNativeTarget "TimeTracker-ProTests" */;
			buildPhases = (
				393308DA2EEDC17F0090226E /* Sources */,
				393308DB2EEDC17F0090226E /* Frameworks */,
				393308DC2EEDC17F0090226E /* Resources */,
			);
			buildRules = (
			);
			dependencies = (
				393308E02EEDC17F0090226E /* PBXTargetDependency */,
			);
			fileSystemSynchronizedGroups = (
				393308E12EEDC17F0090226E /* TimeTracker-ProTests */,
			);
			name = "TimeTracker-ProTests";
			packageProductDependencies = (
			);
			productName = "TimeTracker-ProTests";
			productReference = 393308DE2EEDC17F0090226E /* TimeTracker-ProTests.xctest */;
			productType = "com.apple.product-type.bundle.unit-test";
		};
		393308E72EEDC17F0090226E /* TimeTracker-ProUITests */ = {
			isa = PBXNativeTarget;
			buildConfigurationList = 393308F82EEDC17F0090226E /* Build configuration list for PBXNativeTarget "TimeTracker-ProUITests" */;
			buildPhases = (
				393308E42EEDC17F0090226E /* Sources */,
				393308E52EEDC17F0090226E /* Frameworks */,
				393308E62EEDC17F0090226E /* Resources */,
			);
			buildRules = (
			);
			dependencies = (
				393308EA2EEDC17F0090226E /* PBXTargetDependency */,
			);
			fileSystemSynchronizedGroups = (
				393308EB2EEDC17F0090226E /* TimeTracker-ProUITests */,
			);
			name = "TimeTracker-ProUITests";
			packageProductDependencies = (
			);
			productName = "TimeTracker-ProUITests";
			productReference = 393308E82EEDC17F0090226E /* TimeTracker-ProUITests.xctest */;
			productType = "com.apple.product-type.bundle.ui-testing";
		};
		39C29DB32EF1E0D8004E6291 /* TimeTrackerWidgetsExtension */ = {
			isa = PBXNativeTarget;
			buildConfigurationList = 39C29DC82EF1E0DA004E6291 /* Build configuration list for PBXNativeTarget "TimeTrackerWidgetsExtension" */;
			buildPhases = (
				39C29DB02EF1E0D8004E6291 /* Sources */,
				39C29DB12EF1E0D8004E6291 /* Frameworks */,
				39C29DB22EF1E0D8004E6291 /* Resources */,
			);
			buildRules = (
			);
			dependencies = (
			);
			fileSystemSynchronizedGroups = (
				39C29DBA2EF1E0D8004E6291 /* TimeTrackerWidgets */,
			);
			name = TimeTrackerWidgetsExtension;
			packageProductDependencies = (
			);
			productName = TimeTrackerWidgetsExtension;
			productReference = 39C29DB42EF1E0D8004E6291 /* TimeTrackerWidgetsExtension.appex */;
			productType = "com.apple.product-type.app-extension";
		};
/* End PBXNativeTarget section */

/* Begin PBXProject section */
		393308C92EEDC17D0090226E /* Project object */ = {
			isa = PBXProject;
			attributes = {
				BuildIndependentTargetsInParallel = 1;
				LastSwiftUpdateCheck = 2620;
				LastUpgradeCheck = 2620;
				TargetAttributes = {
					393308D02EEDC17D0090226E = {
						CreatedOnToolsVersion = 26.2;
					};
					393308DD2EEDC17F0090226E = {
						CreatedOnToolsVersion = 26.2;
						TestTargetID = 393308D02EEDC17D0090226E;
					};
					393308E72EEDC17F0090226E = {
						CreatedOnToolsVersion = 26.2;
						TestTargetID = 393308D02EEDC17D0090226E;
					};
					39C29DB32EF1E0D8004E6291 = {
						CreatedOnToolsVersion = 26.2;
					};
				};
			};
			buildConfigurationList = 393308CC2EEDC17D0090226E /* Build configuration list for PBXProject "TimeTracker-Pro" */;
			developmentRegion = en;
			hasScannedForEncodings = 0;
			knownRegions = (
				en,
				Base,
				de,
			);
			mainGroup = 393308C82EEDC17D0090226E;
			minimizedProjectReferenceProxies = 1;
			preferredProjectObjectVersion = 77;
			productRefGroup = 393308D22EEDC17D0090226E /* Products */;
			projectDirPath = "";
			projectRoot = "";
			targets = (
				393308D02EEDC17D0090226E /* TimeTracker-Pro */,
				393308DD2EEDC17F0090226E /* TimeTracker-ProTests */,
				393308E72EEDC17F0090226E /* TimeTracker-ProUITests */,
				39C29DB32EF1E0D8004E6291 /* TimeTrackerWidgetsExtension */,
			);
		};
/* End PBXProject section */

/* Begin PBXResourcesBuildPhase section */
		393308CF2EEDC17D0090226E /* Resources */ = {
			isa = PBXResourcesBuildPhase;
			buildActionMask = 2147483647;
			files = (
			);
			runOnlyForDeploymentPostprocessing = 0;
		};
		393308DC2EEDC17F0090226E /* Resources */ = {
			isa = PBXResourcesBuildPhase;
			buildActionMask = 2147483647;
			files = (
			);
			runOnlyForDeploymentPostprocessing = 0;
		};
		393308E62EEDC17F0090226E /* Resources */ = {
			isa = PBXResourcesBuildPhase;
			buildActionMask = 2147483647;
			files = (
			);
			runOnlyForDeploymentPostprocessing = 0;
		};
		39C29DB22EF1E0D8004E6291 /* Resources */ = {
			isa = PBXResourcesBuildPhase;
			buildActionMask = 2147483647;
			files = (
			);
			runOnlyForDeploymentPostprocessing = 0;
		};
/* End PBXResourcesBuildPhase section */

/* Begin PBXSourcesBuildPhase section */
		393308CD2EEDC17D0090226E /* Sources */ = {
			isa = PBXSourcesBuildPhase;
			buildActionMask = 2147483647;
			files = (
				39C29DCD2EF1E15F004E6291 /* WidgetModels.swift in Sources */,
			);
			runOnlyForDeploymentPostprocessing = 0;
		};
		393308DA2EEDC17F0090226E /* Sources */ = {
			isa = PBXSourcesBuildPhase;
			buildActionMask = 2147483647;
			files = (
			);
			runOnlyForDeploymentPostprocessing = 0;
		};
		393308E42EEDC17F0090226E /* Sources */ = {
			isa = PBXSourcesBuildPhase;
			buildActionMask = 2147483647;
			files = (
			);
			runOnlyForDeploymentPostprocessing = 0;
		};
		39C29DB02EF1E0D8004E6291 /* Sources */ = {
			isa = PBXSourcesBuildPhase;
			buildActionMask = 2147483647;
			files = (
				39C29DCE2EF1E16A004E6291 /* WidgetModels.swift in Sources */,
			);
			runOnlyForDeploymentPostprocessing = 0;
		};
/* End PBXSourcesBuildPhase section */

/* Begin PBXTargetDependency section */
		393308E02EEDC17F0090226E /* PBXTargetDependency */ = {
			isa = PBXTargetDependency;
			target = 393308D02EEDC17D0090226E /* TimeTracker-Pro */;
			targetProxy = 393308DF2EEDC17F0090226E /* PBXContainerItemProxy */;
		};
		393308EA2EEDC17F0090226E /* PBXTargetDependency */ = {
			isa = PBXTargetDependency;
			target = 393308D02EEDC17D0090226E /* TimeTracker-Pro */;
			targetProxy = 393308E92EEDC17F0090226E /* PBXContainerItemProxy */;
		};
		39C29DC32EF1E0DA004E6291 /* PBXTargetDependency */ = {
			isa = PBXTargetDependency;
			target = 39C29DB32EF1E0D8004E6291 /* TimeTrackerWidgetsExtension */;
			targetProxy = 39C29DC22EF1E0DA004E6291 /* PBXContainerItemProxy */;
		};
/* End PBXTargetDependency section */

/* Begin XCBuildConfiguration section */
		393308F02EEDC17F0090226E /* Debug */ = {
			isa = XCBuildConfiguration;
			buildSettings = {
				ALWAYS_SEARCH_USER_PATHS = NO;
				ASSETCATALOG_COMPILER_GENERATE_SWIFT_ASSET_SYMBOL_EXTENSIONS = YES;
				CLANG_ANALYZER_NONNULL = YES;
				CLANG_ANALYZER_NUMBER_OBJECT_CONVERSION = YES_AGGRESSIVE;
				CLANG_CXX_LANGUAGE_STANDARD = "gnu++20";
				CLANG_ENABLE_MODULES = YES;
				CLANG_ENABLE_OBJC_ARC = YES;
				CLANG_ENABLE_OBJC_WEAK = YES;
				CLANG_WARN_BLOCK_CAPTURE_AUTORELEASING = YES;
				CLANG_WARN_BOOL_CONVERSION = YES;
				CLANG_WARN_COMMA = YES;
				CLANG_WARN_CONSTANT_CONVERSION = YES;
				CLANG_WARN_DEPRECATED_OBJC_IMPLEMENTATIONS = YES;
				CLANG_WARN_DIRECT_OBJC_ISA_USAGE = YES_ERROR;
				CLANG_WARN_DOCUMENTATION_COMMENTS = YES;
				CLANG_WARN_EMPTY_BODY = YES;
				CLANG_WARN_ENUM_CONVERSION = YES;
				CLANG_WARN_INFINITE_RECURSION = YES;
				CLANG_WARN_INT_CONVERSION = YES;
				CLANG_WARN_NON_LITERAL_NULL_CONVERSION = YES;
				CLANG_WARN_OBJC_IMPLICIT_RETAIN_SELF = YES;
				CLANG_WARN_OBJC_LITERAL_CONVERSION = YES;
				CLANG_WARN_OBJC_ROOT_CLASS = YES_ERROR;
				CLANG_WARN_QUOTED_INCLUDE_IN_FRAMEWORK_HEADER = YES;
				CLANG_WARN_RANGE_LOOP_ANALYSIS = YES;
				CLANG_WARN_STRICT_PROTOTYPES = YES;
				CLANG_WARN_SUSPICIOUS_MOVE = YES;
				CLANG_WARN_UNGUARDED_AVAILABILITY = YES_AGGRESSIVE;
				CLANG_WARN_UNREACHABLE_CODE = YES;
				CLANG_WARN__DUPLICATE_METHOD_MATCH = YES;
				COPY_PHASE_STRIP = NO;
				DEBUG_INFORMATION_FORMAT = dwarf;
				ENABLE_STRICT_OBJC_MSGSEND = YES;
				ENABLE_TESTABILITY = YES;
				ENABLE_USER_SCRIPT_SANDBOXING = YES;
				GCC_C_LANGUAGE_STANDARD = gnu17;
				GCC_DYNAMIC_NO_PIC = NO;
				GCC_NO_COMMON_BLOCKS = YES;
				GCC_OPTIMIZATION_LEVEL = 0;
				GCC_PREPROCESSOR_DEFINITIONS = (
					"DEBUG=1",
					"$(inherited)",
				);
				GCC_WARN_64_TO_32_BIT_CONVERSION = YES;
				GCC_WARN_ABOUT_RETURN_TYPE = YES_ERROR;
				GCC_WARN_UNDECLARED_SELECTOR = YES;
				GCC_WARN_UNINITIALIZED_AUTOS = YES_AGGRESSIVE;
				GCC_WARN_UNUSED_FUNCTION = YES;
				GCC_WARN_UNUSED_VARIABLE = YES;
				LOCALIZATION_PREFERS_STRING_CATALOGS = YES;
				MACOSX_DEPLOYMENT_TARGET = 26.2;
				MTL_ENABLE_DEBUG_INFO = INCLUDE_SOURCE;
				MTL_FAST_MATH = YES;
				ONLY_ACTIVE_ARCH = YES;
				SDKROOT = macosx;
				SWIFT_ACTIVE_COMPILATION_CONDITIONS = "DEBUG $(inherited)";
				SWIFT_EMIT_LOC_STRINGS = YES;
				SWIFT_OPTIMIZATION_LEVEL = "-Onone";
			};
			name = Debug;
		};
		393308F12EEDC17F0090226E /* Release */ = {
			isa = XCBuildConfiguration;
			buildSettings = {
				ALWAYS_SEARCH_USER_PATHS = NO;
				ASSETCATALOG_COMPILER_GENERATE_SWIFT_ASSET_SYMBOL_EXTENSIONS = YES;
				CLANG_ANALYZER_NONNULL = YES;
				CLANG_ANALYZER_NUMBER_OBJECT_CONVERSION = YES_AGGRESSIVE;
				CLANG_CXX_LANGUAGE_STANDARD = "gnu++20";
				CLANG_ENABLE_MODULES = YES;
				CLANG_ENABLE_OBJC_ARC = YES;
				CLANG_ENABLE_OBJC_WEAK = YES;
				CLANG_WARN_BLOCK_CAPTURE_AUTORELEASING = YES;
				CLANG_WARN_BOOL_CONVERSION = YES;
				CLANG_WARN_COMMA = YES;
				CLANG_WARN_CONSTANT_CONVERSION = YES;
				CLANG_WARN_DEPRECATED_OBJC_IMPLEMENTATIONS = YES;
				CLANG_WARN_DIRECT_OBJC_ISA_USAGE = YES_ERROR;
				CLANG_WARN_DOCUMENTATION_COMMENTS = YES;
				CLANG_WARN_EMPTY_BODY = YES;
				CLANG_WARN_ENUM_CONVERSION = YES;
				CLANG_WARN_INFINITE_RECURSION = YES;
				CLANG_WARN_INT_CONVERSION = YES;
				CLANG_WARN_NON_LITERAL_NULL_CONVERSION = YES;
				CLANG_WARN_OBJC_IMPLICIT_RETAIN_SELF = YES;
				CLANG_WARN_OBJC_LITERAL_CONVERSION = YES;
				CLANG_WARN_OBJC_ROOT_CLASS = YES_ERROR;
				CLANG_WARN_QUOTED_INCLUDE_IN_FRAMEWORK_HEADER = YES;
				CLANG_WARN_RANGE_LOOP_ANALYSIS = YES;
				CLANG_WARN_STRICT_PROTOTYPES = YES;
				CLANG_WARN_SUSPICIOUS_MOVE = YES;
				CLANG_WARN_UNGUARDED_AVAILABILITY = YES_AGGRESSIVE;
				CLANG_WARN_UNREACHABLE_CODE = YES;
				CLANG_WARN__DUPLICATE_METHOD_MATCH = YES;
				COPY_PHASE_STRIP = NO;
				DEBUG_INFORMATION_FORMAT = "dwarf-with-dsym";
				ENABLE_NS_ASSERTIONS = NO;
				ENABLE_STRICT_OBJC_MSGSEND = YES;
				ENABLE_USER_SCRIPT_SANDBOXING = YES;
				GCC_C_LANGUAGE_STANDARD = gnu17;
				GCC_NO_COMMON_BLOCKS = YES;
				GCC_WARN_64_TO_32_BIT_CONVERSION = YES;
				GCC_WARN_ABOUT_RETURN_TYPE = YES_ERROR;
				GCC_WARN_UNDECLARED_SELECTOR = YES;
				GCC_WARN_UNINITIALIZED_AUTOS = YES_AGGRESSIVE;
				GCC_WARN_UNUSED_FUNCTION = YES;
				GCC_WARN_UNUSED_VARIABLE = YES;
				LOCALIZATION_PREFERS_STRING_CATALOGS = YES;
				MACOSX_DEPLOYMENT_TARGET = 26.2;
				MTL_ENABLE_DEBUG_INFO = NO;
				MTL_FAST_MATH = YES;
				SDKROOT = macosx;
				SWIFT_COMPILATION_MODE = wholemodule;
				SWIFT_EMIT_LOC_STRINGS = YES;
			};
			name = Release;
		};
		393308F32EEDC17F0090226E /* Debug */ = {
			isa = XCBuildConfiguration;
			buildSettings = {
				ASSETCATALOG_COMPILER_APPICON_NAME = AppIcon;
				ASSETCATALOG_COMPILER_GLOBAL_ACCENT_COLOR_NAME = AccentColor;
				CODE_SIGN_ENTITLEMENTS = "TimeTracker-Pro/TimeTracker-Pro.entitlements";
				CODE_SIGN_STYLE = Automatic;
				COMBINE_HIDPI_IMAGES = YES;
				CURRENT_PROJECT_VERSION = 1;
				DEVELOPMENT_TEAM = A4HCRKN53K;
				ENABLE_APP_SANDBOX = YES;
				ENABLE_PREVIEWS = YES;
				ENABLE_USER_SELECTED_FILES = readonly;
				GENERATE_INFOPLIST_FILE = YES;
				INFOPLIST_FILE = "TimeTracker-Pro/Info.plist";
				INFOPLIST_KEY_LSUIElement = YES;
				INFOPLIST_KEY_NSHumanReadableCopyright = "";
				LD_RUNPATH_SEARCH_PATHS = (
					"$(inherited)",
					"@executable_path/../Frameworks",
				);
				MARKETING_VERSION = 1.0;
				PRODUCT_BUNDLE_IDENTIFIER = "Stefan.TimeTracker-Pro";
				PRODUCT_NAME = "$(TARGET_NAME)";
				REGISTER_APP_GROUPS = YES;
				STRING_CATALOG_GENERATE_SYMBOLS = YES;
				SWIFT_APPROACHABLE_CONCURRENCY = YES;
				SWIFT_DEFAULT_ACTOR_ISOLATION = MainActor;
				SWIFT_EMIT_LOC_STRINGS = YES;
				SWIFT_UPCOMING_FEATURE_MEMBER_IMPORT_VISIBILITY = YES;
				SWIFT_VERSION = 5.0;
			};
			name = Debug;
		};
		393308F42EEDC17F0090226E /* Release */ = {
			isa = XCBuildConfiguration;
			buildSettings = {
				ASSETCATALOG_COMPILER_APPICON_NAME = AppIcon;
				ASSETCATALOG_COMPILER_GLOBAL_ACCENT_COLOR_NAME = AccentColor;
				CODE_SIGN_ENTITLEMENTS = "TimeTracker-Pro/TimeTracker-Pro.entitlements";
				CODE_SIGN_STYLE = Automatic;
				COMBINE_HIDPI_IMAGES = YES;
				CURRENT_PROJECT_VERSION = 1;
				DEVELOPMENT_TEAM = A4HCRKN53K;
				ENABLE_APP_SANDBOX = YES;
				ENABLE_PREVIEWS = YES;
				ENABLE_USER_SELECTED_FILES = readonly;
				GENERATE_INFOPLIST_FILE = YES;
				INFOPLIST_FILE = "TimeTracker-Pro/Info.plist";
				INFOPLIST_KEY_LSUIElement = YES;
				INFOPLIST_KEY_NSHumanReadableCopyright = "";
				LD_RUNPATH_SEARCH_PATHS = (
					"$(inherited)",
					"@executable_path/../Frameworks",
				);
				MARKETING_VERSION = 1.0;
				PRODUCT_BUNDLE_IDENTIFIER = "Stefan.TimeTracker-Pro";
				PRODUCT_NAME = "$(TARGET_NAME)";
				REGISTER_APP_GROUPS = YES;
				STRING_CATALOG_GENERATE_SYMBOLS = YES;
				SWIFT_APPROACHABLE_CONCURRENCY = YES;
				SWIFT_DEFAULT_ACTOR_ISOLATION = MainActor;
				SWIFT_EMIT_LOC_STRINGS = YES;
				SWIFT_UPCOMING_FEATURE_MEMBER_IMPORT_VISIBILITY = YES;
				SWIFT_VERSION = 5.0;
			};
			name = Release;
		};
		393308F62EEDC17F0090226E /* Debug */ = {
			isa = XCBuildConfiguration;
			buildSettings = {
				BUNDLE_LOADER = "$(TEST_HOST)";
				CODE_SIGN_STYLE = Automatic;
				CURRENT_PROJECT_VERSION = 1;
				GENERATE_INFOPLIST_FILE = YES;
				MACOSX_DEPLOYMENT_TARGET = 26.2;
				MARKETING_VERSION = 1.0;
				PRODUCT_BUNDLE_IDENTIFIER = "Stefan.TimeTracker-ProTests";
				PRODUCT_NAME = "$(TARGET_NAME)";
				STRING_CATALOG_GENERATE_SYMBOLS = NO;
				SWIFT_APPROACHABLE_CONCURRENCY = YES;
				SWIFT_EMIT_LOC_STRINGS = NO;
				SWIFT_UPCOMING_FEATURE_MEMBER_IMPORT_VISIBILITY = YES;
				SWIFT_VERSION = 5.0;
				TEST_HOST = "$(BUILT_PRODUCTS_DIR)/TimeTracker-Pro.app/$(BUNDLE_EXECUTABLE_FOLDER_PATH)/TimeTracker-Pro";
			};
			name = Debug;
		};
		393308F72EEDC17F0090226E /* Release */ = {
			isa = XCBuildConfiguration;
			buildSettings = {
				BUNDLE_LOADER = "$(TEST_HOST)";
				CODE_SIGN_STYLE = Automatic;
				CURRENT_PROJECT_VERSION = 1;
				GENERATE_INFOPLIST_FILE = YES;
				MACOSX_DEPLOYMENT_TARGET = 26.2;
				MARKETING_VERSION = 1.0;
				PRODUCT_BUNDLE_IDENTIFIER = "Stefan.TimeTracker-ProTests";
				PRODUCT_NAME = "$(TARGET_NAME)";
				STRING_CATALOG_GENERATE_SYMBOLS = NO;
				SWIFT_APPROACHABLE_CONCURRENCY = YES;
				SWIFT_EMIT_LOC_STRINGS = NO;
				SWIFT_UPCOMING_FEATURE_MEMBER_IMPORT_VISIBILITY = YES;
				SWIFT_VERSION = 5.0;
				TEST_HOST = "$(BUILT_PRODUCTS_DIR)/TimeTracker-Pro.app/$(BUNDLE_EXECUTABLE_FOLDER_PATH)/TimeTracker-Pro";
			};
			name = Release;
		};
		393308F92EEDC17F0090226E /* Debug */ = {
			isa = XCBuildConfiguration;
			buildSettings = {
				CODE_SIGN_STYLE = Automatic;
				CURRENT_PROJECT_VERSION = 1;
				GENERATE_INFOPLIST_FILE = YES;
				MARKETING_VERSION = 1.0;
				PRODUCT_BUNDLE_IDENTIFIER = "Stefan.TimeTracker-ProUITests";
				PRODUCT_NAME = "$(TARGET_NAME)";
				STRING_CATALOG_GENERATE_SYMBOLS = NO;
				SWIFT_APPROACHABLE_CONCURRENCY = YES;
				SWIFT_EMIT_LOC_STRINGS = NO;
				SWIFT_UPCOMING_FEATURE_MEMBER_IMPORT_VISIBILITY = YES;
				SWIFT_VERSION = 5.0;
				TEST_TARGET_NAME = "TimeTracker-Pro";
			};
			name = Debug;
		};
		393308FA2EEDC17F0090226E /* Release */ = {
			isa = XCBuildConfiguration;
			buildSettings = {
				CODE_SIGN_STYLE = Automatic;
				CURRENT_PROJECT_VERSION = 1;
				GENERATE_INFOPLIST_FILE = YES;
				MARKETING_VERSION = 1.0;
				PRODUCT_BUNDLE_IDENTIFIER = "Stefan.TimeTracker-ProUITests";
				PRODUCT_NAME = "$(TARGET_NAME)";
				STRING_CATALOG_GENERATE_SYMBOLS = NO;
				SWIFT_APPROACHABLE_CONCURRENCY = YES;
				SWIFT_EMIT_LOC_STRINGS = NO;
				SWIFT_UPCOMING_FEATURE_MEMBER_IMPORT_VISIBILITY = YES;
				SWIFT_VERSION = 5.0;
				TEST_TARGET_NAME = "TimeTracker-Pro";
			};
			name = Release;
		};
		39C29DC62EF1E0DA004E6291 /* Debug */ = {
			isa = XCBuildConfiguration;
			buildSettings = {
				ASSETCATALOG_COMPILER_GLOBAL_ACCENT_COLOR_NAME = AccentColor;
				ASSETCATALOG_COMPILER_WIDGET_BACKGROUND_COLOR_NAME = WidgetBackground;
				CODE_SIGN_ENTITLEMENTS = TimeTrackerWidgetsExtension.entitlements;
				CODE_SIGN_STYLE = Automatic;
				CURRENT_PROJECT_VERSION = 1;
				DEVELOPMENT_TEAM = A4HCRKN53K;
				ENABLE_APP_SANDBOX = YES;
				ENABLE_HARDENED_RUNTIME = YES;
				GENERATE_INFOPLIST_FILE = YES;
				INFOPLIST_FILE = TimeTrackerWidgets/Info.plist;
				INFOPLIST_KEY_CFBundleDisplayName = TimeTrackerWidgets;
				INFOPLIST_KEY_NSHumanReadableCopyright = "";
				LD_RUNPATH_SEARCH_PATHS = (
					"$(inherited)",
					"@executable_path/../Frameworks",
					"@executable_path/../../../../Frameworks",
				);
				MACOSX_DEPLOYMENT_TARGET = 26.2;
				MARKETING_VERSION = 1.0;
				PRODUCT_BUNDLE_IDENTIFIER = "Stefan.TimeTracker-Pro.TimeTrackerWidgets";
				PRODUCT_NAME = "$(TARGET_NAME)";
				REGISTER_APP_GROUPS = YES;
				SKIP_INSTALL = YES;
				STRING_CATALOG_GENERATE_SYMBOLS = YES;
				SWIFT_APPROACHABLE_CONCURRENCY = YES;
				SWIFT_EMIT_LOC_STRINGS = YES;
				SWIFT_UPCOMING_FEATURE_MEMBER_IMPORT_VISIBILITY = YES;
				SWIFT_VERSION = 5.0;
			};
			name = Debug;
		};
		39C29DC72EF1E0DA004E6291 /* Release */ = {
			isa = XCBuildConfiguration;
			buildSettings = {
				ASSETCATALOG_COMPILER_GLOBAL_ACCENT_COLOR_NAME = AccentColor;
				ASSETCATALOG_COMPILER_WIDGET_BACKGROUND_COLOR_NAME = WidgetBackground;
				CODE_SIGN_ENTITLEMENTS = TimeTrackerWidgetsExtension.entitlements;
				CODE_SIGN_STYLE = Automatic;
				CURRENT_PROJECT_VERSION = 1;
				DEVELOPMENT_TEAM = A4HCRKN53K;
				ENABLE_APP_SANDBOX = YES;
				ENABLE_HARDENED_RUNTIME = YES;
				GENERATE_INFOPLIST_FILE = YES;
				INFOPLIST_FILE = TimeTrackerWidgets/Info.plist;
				INFOPLIST_KEY_CFBundleDisplayName = TimeTrackerWidgets;
				INFOPLIST_KEY_NSHumanReadableCopyright = "";
				LD_RUNPATH_SEARCH_PATHS = (
					"$(inherited)",
					"@executable_path/../Frameworks",
					"@executable_path/../../../../Frameworks",
				);
				MACOSX_DEPLOYMENT_TARGET = 26.2;
				MARKETING_VERSION = 1.0;
				PRODUCT_BUNDLE_IDENTIFIER = "Stefan.TimeTracker-Pro.TimeTrackerWidgets";
				PRODUCT_NAME = "$(TARGET_NAME)";
				REGISTER_APP_GROUPS = YES;
				SKIP_INSTALL = YES;
				STRING_CATALOG_GENERATE_SYMBOLS = YES;
				SWIFT_APPROACHABLE_CONCURRENCY = YES;
				SWIFT_EMIT_LOC_STRINGS = YES;
				SWIFT_UPCOMING_FEATURE_MEMBER_IMPORT_VISIBILITY = YES;
				SWIFT_VERSION = 5.0;
			};
			name = Release;
		};
/* End XCBuildConfiguration section */

/* Begin XCConfigurationList section */
		393308CC2EEDC17D0090226E /* Build configuration list for PBXProject "TimeTracker-Pro" */ = {
			isa = XCConfigurationList;
			buildConfigurations = (
				393308F02EEDC17F0090226E /* Debug */,
				393308F12EEDC17F0090226E /* Release */,
			);
			defaultConfigurationIsVisible = 0;
			defaultConfigurationName = Release;
		};
		393308F22EEDC17F0090226E /* Build configuration list for PBXNativeTarget "TimeTracker-Pro" */ = {
			isa = XCConfigurationList;
			buildConfigurations = (
				393308F32EEDC17F0090226E /* Debug */,
				393308F42EEDC17F0090226E /* Release */,
			);
			defaultConfigurationIsVisible = 0;
			defaultConfigurationName = Release;
		};
		393308F52EEDC17F0090226E /* Build configuration list for PBXNativeTarget "TimeTracker-ProTests" */ = {
			isa = XCConfigurationList;
			buildConfigurations = (
				393308F62EEDC17F0090226E /* Debug */,
				393308F72EEDC17F0090226E /* Release */,
			);
			defaultConfigurationIsVisible = 0;
			defaultConfigurationName = Release;
		};
		393308F82EEDC17F0090226E /* Build configuration list for PBXNativeTarget "TimeTracker-ProUITests" */ = {
			isa = XCConfigurationList;
			buildConfigurations = (
				393308F92EEDC17F0090226E /* Debug */,
				393308FA2EEDC17F0090226E /* Release */,
			);
			defaultConfigurationIsVisible = 0;
			defaultConfigurationName = Release;
		};
		39C29DC82EF1E0DA004E6291 /* Build configuration list for PBXNativeTarget "TimeTrackerWidgetsExtension" */ = {
			isa = XCConfigurationList;
			buildConfigurations = (
				39C29DC62EF1E0DA004E6291 /* Debug */,
				39C29DC72EF1E0DA004E6291 /* Release */,
			);
			defaultConfigurationIsVisible = 0;
			defaultConfigurationName = Release;
		};
/* End XCConfigurationList section */
	};
	rootObject = 393308C92EEDC17D0090226E /* Project object */;
}
